
Microsoft Visual Studio Solution File, Format Version 12.00
# Visual Studio Version 17
VisualStudioVersion = 17.2.32630.192
MinimumVisualStudioVersion = 10.0.40219.1
Project("{FAE04EC0-301F-11D3-BF4B-00C04F79EFBC}") = "ContactSim", "ContactSim.csproj", "{F52235C8-5167-4A44-BA53-E3E4579D4100}"
EndProject
Global
	GlobalSection(SolutionConfigurationPlatforms) = preSolution
		Debug|Any CPU = Debug|Any CPU
		Release|Any CPU = Release|Any CPU
	EndGlobalSection
	GlobalSection(ProjectConfigurationPlatforms) = postSolution
		{F52235C8-5167-4A44-BA53-E3E4579D4100}.Debug|Any CPU.ActiveCfg = Debug|Any CPU
		{F52235C8-5167-4A44-BA53-E3E4579D4100}.Debug|Any CPU.Build.0 = Debug|Any CPU
		{F52235C8-5167-4A44-BA53-E3E4579D4100}.Release|Any CPU.ActiveCfg = Release|Any CPU
		{F52235C8-5167-4A44-BA53-E3E4579D4100}.Release|Any CPU.Build.0 = Release|Any CPU
	EndGlobalSection
	GlobalSection(SolutionProperties) = preSolution
		HideSolutionNode = FALSE
	EndGlobalSection
	GlobalSection(ExtensibilityGlobals) = postSolution
		SolutionGuid = {4BCD6C7C-0D4F-418B-9397-E72375607F13}
	EndGlobalSection
EndGlobal
